
Microsoft Visual Studio Solution File, Format Version 12.00
# Visual Studio Version 17
VisualStudioVersion = 17.14.36518.9 d17.14
MinimumVisualStudioVersion = 10.0.40219.1
Project("{FAE04EC0-301F-11D3-BF4B-00C04F79EFBC}") = "Common", "Common.csproj", "{B85CB6E8-B50A-4A15-A588-F1B0404D31A6}"
EndProject
Global
	GlobalSection(SolutionConfigurationPlatforms) = preSolution
		Debug|Any CPU = Debug|Any CPU
		Release|Any CPU = Release|Any CPU
	EndGlobalSection
	GlobalSection(ProjectConfigurationPlatforms) = postSolution
		{B85CB6E8-B50A-4A15-A588-F1B0404D31A6}.Debug|Any CPU.ActiveCfg = Debug|Any CPU
		{B85CB6E8-B50A-4A15-A588-F1B0404D31A6}.Debug|Any CPU.Build.0 = Debug|Any CPU
		{B85CB6E8-B50A-4A15-A588-F1B0404D31A6}.Release|Any CPU.ActiveCfg = Release|Any CPU
		{B85CB6E8-B50A-4A15-A588-F1B0404D31A6}.Release|Any CPU.Build.0 = Release|Any CPU
	EndGlobalSection
	GlobalSection(SolutionProperties) = preSolution
		HideSolutionNode = FALSE
	EndGlobalSection
	GlobalSection(ExtensibilityGlobals) = postSolution
		SolutionGuid = {59F50519-196F-47BD-8282-A64DD70070C2}
	EndGlobalSection
EndGlobal
